// !$*UTF8*$!
{
	archiveVersion = 1;
	classes = {
	};
	objectVersion = 55;
	objects = {

/* Begin PBXBuildFile section */
		35433AF7284729720093ADA2 /* AppDelegate.swift in Sources */ = {isa = PBXBuildFile; fileRef = 35433AF6284729720093ADA2 /* AppDelegate.swift */; };
		35433AFB284729720093ADA2 /* HomeController.swift in Sources */ = {isa = PBXBuildFile; fileRef = 35433AFA284729720093ADA2 /* HomeController.swift */; };
		35433B01284729720093ADA2 /* Cars.xcdatamodeld in Sources */ = {isa = PBXBuildFile; fileRef = 35433AFF284729720093ADA2 /* Cars.xcdatamodeld */; };
		35433B03284729750093ADA2 /* Assets.xcassets in Resources */ = {isa = PBXBuildFile; fileRef = 35433B02284729750093ADA2 /* Assets.xcassets */; };
		35433B06284729750093ADA2 /* LaunchScreen.storyboard in Resources */ = {isa = PBXBuildFile; fileRef = 35433B04284729750093ADA2 /* LaunchScreen.storyboard */; };
		35433B0F28472A760093ADA2 /* RxCocoa in Frameworks */ = {isa = PBXBuildFile; productRef = 35433B0E28472A760093ADA2 /* RxCocoa */; };
		35433B1128472A760093ADA2 /* RxSwift in Frameworks */ = {isa = PBXBuildFile; productRef = 35433B1028472A760093ADA2 /* RxSwift */; };
		35433B1428472B030093ADA2 /* IHProgressHUD in Frameworks */ = {isa = PBXBuildFile; productRef = 35433B1328472B030093ADA2 /* IHProgressHUD */; };
		35433B1728472B550093ADA2 /* SDWebImage in Frameworks */ = {isa = PBXBuildFile; productRef = 35433B1628472B550093ADA2 /* SDWebImage */; };
		35433B1A28472B950093ADA2 /* Alamofire in Frameworks */ = {isa = PBXBuildFile; productRef = 35433B1928472B950093ADA2 /* Alamofire */; };
		35433B1D28472BAD0093ADA2 /* ObjectMapper in Frameworks */ = {isa = PBXBuildFile; productRef = 35433B1C28472BAD0093ADA2 /* ObjectMapper */; };
		35433B2528473B9D0093ADA2 /* RequestManger.swift in Sources */ = {isa = PBXBuildFile; fileRef = 35433B2428473B9D0093ADA2 /* RequestManger.swift */; };
		35433B2728473BD60093ADA2 /* LogHelper.swift in Sources */ = {isa = PBXBuildFile; fileRef = 35433B2628473BD60093ADA2 /* LogHelper.swift */; };
		35433B2A28473D830093ADA2 /* NotificationBannerSwift in Frameworks */ = {isa = PBXBuildFile; productRef = 35433B2928473D830093ADA2 /* NotificationBannerSwift */; };
		35433B2C28473DBE0093ADA2 /* NetworkManager.swift in Sources */ = {isa = PBXBuildFile; fileRef = 35433B2B28473DBE0093ADA2 /* NetworkManager.swift */; };
		35433B2F28473E4D0093ADA2 /* Reachability in Frameworks */ = {isa = PBXBuildFile; productRef = 35433B2E28473E4D0093ADA2 /* Reachability */; };
		35433B32284741780093ADA2 /* UIFont+Extension.swift in Sources */ = {isa = PBXBuildFile; fileRef = 35433B31284741780093ADA2 /* UIFont+Extension.swift */; };
		35433B50284744900093ADA2 /* SFUIText-Light.ttf in Resources */ = {isa = PBXBuildFile; fileRef = 35433B44284744900093ADA2 /* SFUIText-Light.ttf */; };
		35433B54284744900093ADA2 /* SFUIText-Medium.ttf in Resources */ = {isa = PBXBuildFile; fileRef = 35433B48284744900093ADA2 /* SFUIText-Medium.ttf */; };
		35433B56284744900093ADA2 /* SFUIText-Regular.ttf in Resources */ = {isa = PBXBuildFile; fileRef = 35433B4A284744900093ADA2 /* SFUIText-Regular.ttf */; };
		35433B58284744900093ADA2 /* SFUIText-Bold.ttf in Resources */ = {isa = PBXBuildFile; fileRef = 35433B4C284744900093ADA2 /* SFUIText-Bold.ttf */; };
		35433B59284744900093ADA2 /* SFUIText-Semibold.ttf in Resources */ = {isa = PBXBuildFile; fileRef = 35433B4D284744900093ADA2 /* SFUIText-Semibold.ttf */; };
		35433B5A284744900093ADA2 /* SFUIText-Heavy.ttf in Resources */ = {isa = PBXBuildFile; fileRef = 35433B4E284744900093ADA2 /* SFUIText-Heavy.ttf */; };
		35433B5E284753FC0093ADA2 /* CarsModel.swift in Sources */ = {isa = PBXBuildFile; fileRef = 35433B5D284753FC0093ADA2 /* CarsModel.swift */; };
		35433B602847582A0093ADA2 /* CarsViewModel.swift in Sources */ = {isa = PBXBuildFile; fileRef = 35433B5F2847582A0093ADA2 /* CarsViewModel.swift */; };
		35433B6228476CD90093ADA2 /* CarListViewModel.swift in Sources */ = {isa = PBXBuildFile; fileRef = 35433B6128476CD90093ADA2 /* CarListViewModel.swift */; };
		355C86882847B9A0004D3F93 /* CarsTableViewCell.swift in Sources */ = {isa = PBXBuildFile; fileRef = 355C86872847B9A0004D3F93 /* CarsTableViewCell.swift */; };
		355C868A2847C115004D3F93 /* UIColor+Extension.swift in Sources */ = {isa = PBXBuildFile; fileRef = 355C86892847C115004D3F93 /* UIColor+Extension.swift */; };
/* End PBXBuildFile section */

/* Begin PBXFileReference section */
		35433AF3284729720093ADA2 /* Cars.app */ = {isa = PBXFileReference; explicitFileType = wrapper.application; includeInIndex = 0; path = Cars.app; sourceTree = BUILT_PRODUCTS_DIR; };
		35433AF6284729720093ADA2 /* AppDelegate.swift */ = {isa = PBXFileReference; lastKnownFileType = sourcecode.swift; path = AppDelegate.swift; sourceTree = "<group>"; };
		35433AFA284729720093ADA2 /* HomeController.swift */ = {isa = PBXFileReference; lastKnownFileType = sourcecode.swift; path = HomeController.swift; sourceTree = "<group>"; };
		35433B00284729720093ADA2 /* Cars.xcdatamodel */ = {isa = PBXFileReference; lastKnownFileType = wrapper.xcdatamodel; path = Cars.xcdatamodel; sourceTree = "<group>"; };
		35433B02284729750093ADA2 /* Assets.xcassets */ = {isa = PBXFileReference; lastKnownFileType = folder.assetcatalog; path = Assets.xcassets; sourceTree = "<group>"; };
		35433B05284729750093ADA2 /* Base */ = {isa = PBXFileReference; lastKnownFileType = file.storyboard; name = Base; path = Base.lproj/LaunchScreen.storyboard; sourceTree = "<group>"; };
		35433B07284729750093ADA2 /* Info.plist */ = {isa = PBXFileReference; lastKnownFileType = text.plist.xml; path = Info.plist; sourceTree = "<group>"; };
		35433B2428473B9D0093ADA2 /* RequestManger.swift */ = {isa = PBXFileReference; lastKnownFileType = sourcecode.swift; path = RequestManger.swift; sourceTree = "<group>"; };
		35433B2628473BD60093ADA2 /* LogHelper.swift */ = {isa = PBXFileReference; lastKnownFileType = sourcecode.swift; path = LogHelper.swift; sourceTree = "<group>"; };
		35433B2B28473DBE0093ADA2 /* NetworkManager.swift */ = {isa = PBXFileReference; lastKnownFileType = sourcecode.swift; path = NetworkManager.swift; sourceTree = "<group>"; };
		35433B31284741780093ADA2 /* UIFont+Extension.swift */ = {isa = PBXFileReference; lastKnownFileType = sourcecode.swift; path = "UIFont+Extension.swift"; sourceTree = "<group>"; };
		35433B44284744900093ADA2 /* SFUIText-Light.ttf */ = {isa = PBXFileReference; lastKnownFileType = file; path = "SFUIText-Light.ttf"; sourceTree = "<group>"; };
		35433B48284744900093ADA2 /* SFUIText-Medium.ttf */ = {isa = PBXFileReference; lastKnownFileType = file; path = "SFUIText-Medium.ttf"; sourceTree = "<group>"; };
		35433B4A284744900093ADA2 /* SFUIText-Regular.ttf */ = {isa = PBXFileReference; lastKnownFileType = file; path = "SFUIText-Regular.ttf"; sourceTree = "<group>"; };
		35433B4C284744900093ADA2 /* SFUIText-Bold.ttf */ = {isa = PBXFileReference; lastKnownFileType = file; path = "SFUIText-Bold.ttf"; sourceTree = "<group>"; };
		35433B4D284744900093ADA2 /* SFUIText-Semibold.ttf */ = {isa = PBXFileReference; lastKnownFileType = file; path = "SFUIText-Semibold.ttf"; sourceTree = "<group>"; };
		35433B4E284744900093ADA2 /* SFUIText-Heavy.ttf */ = {isa = PBXFileReference; lastKnownFileType = file; path = "SFUIText-Heavy.ttf"; sourceTree = "<group>"; };
		35433B5D284753FC0093ADA2 /* CarsModel.swift */ = {isa = PBXFileReference; lastKnownFileType = sourcecode.swift; path = CarsModel.swift; sourceTree = "<group>"; };
		35433B5F2847582A0093ADA2 /* CarsViewModel.swift */ = {isa = PBXFileReference; lastKnownFileType = sourcecode.swift; path = CarsViewModel.swift; sourceTree = "<group>"; };
		35433B6128476CD90093ADA2 /* CarListViewModel.swift */ = {isa = PBXFileReference; lastKnownFileType = sourcecode.swift; path = CarListViewModel.swift; sourceTree = "<group>"; };
		355C86872847B9A0004D3F93 /* CarsTableViewCell.swift */ = {isa = PBXFileReference; lastKnownFileType = sourcecode.swift; path = CarsTableViewCell.swift; sourceTree = "<group>"; };
		355C86892847C115004D3F93 /* UIColor+Extension.swift */ = {isa = PBXFileReference; lastKnownFileType = sourcecode.swift; path = "UIColor+Extension.swift"; sourceTree = "<group>"; };
/* End PBXFileReference section */

/* Begin PBXFrameworksBuildPhase section */
		35433AF0284729720093ADA2 /* Frameworks */ = {
			isa = PBXFrameworksBuildPhase;
			buildActionMask = 2147483647;
			files = (
				35433B2A28473D830093ADA2 /* NotificationBannerSwift in Frameworks */,
				35433B1D28472BAD0093ADA2 /* ObjectMapper in Frameworks */,
				35433B1A28472B950093ADA2 /* Alamofire in Frameworks */,
				35433B1128472A760093ADA2 /* RxSwift in Frameworks */,
				35433B1428472B030093ADA2 /* IHProgressHUD in Frameworks */,
				35433B2F28473E4D0093ADA2 /* Reachability in Frameworks */,
				35433B1728472B550093ADA2 /* SDWebImage in Frameworks */,
				35433B0F28472A760093ADA2 /* RxCocoa in Frameworks */,
			);
			runOnlyForDeploymentPostprocessing = 0;
		};
/* End PBXFrameworksBuildPhase section */

/* Begin PBXGroup section */
		35433AEA284729720093ADA2 = {
			isa = PBXGroup;
			children = (
				35433AF5284729720093ADA2 /* Cars */,
				35433AF4284729720093ADA2 /* Products */,
			);
			sourceTree = "<group>";
		};
		35433AF4284729720093ADA2 /* Products */ = {
			isa = PBXGroup;
			children = (
				35433AF3284729720093ADA2 /* Cars.app */,
			);
			name = Products;
			sourceTree = "<group>";
		};
		35433AF5284729720093ADA2 /* Cars */ = {
			isa = PBXGroup;
			children = (
				35433B1E28473B4C0093ADA2 /* Models */,
				35433B1F28473B510093ADA2 /* Views */,
				35433B2028473B570093ADA2 /* ViewModels */,
				35433B2128473B7F0093ADA2 /* Helpers */,
				35433B33284742410093ADA2 /* Fonts */,
				35433AF6284729720093ADA2 /* AppDelegate.swift */,
				35433B02284729750093ADA2 /* Assets.xcassets */,
				35433B04284729750093ADA2 /* LaunchScreen.storyboard */,
				35433B07284729750093ADA2 /* Info.plist */,
				35433AFF284729720093ADA2 /* Cars.xcdatamodeld */,
			);
			path = Cars;
			sourceTree = "<group>";
		};
		35433B1E28473B4C0093ADA2 /* Models */ = {
			isa = PBXGroup;
			children = (
				35433B5D284753FC0093ADA2 /* CarsModel.swift */,
			);
			path = Models;
			sourceTree = "<group>";
		};
		35433B1F28473B510093ADA2 /* Views */ = {
			isa = PBXGroup;
			children = (
				35433AFA284729720093ADA2 /* HomeController.swift */,
				355C86872847B9A0004D3F93 /* CarsTableViewCell.swift */,
			);
			path = Views;
			sourceTree = "<group>";
		};
		35433B2028473B570093ADA2 /* ViewModels */ = {
			isa = PBXGroup;
			children = (
				35433B5F2847582A0093ADA2 /* CarsViewModel.swift */,
				35433B6128476CD90093ADA2 /* CarListViewModel.swift */,
			);
			path = ViewModels;
			sourceTree = "<group>";
		};
		35433B2128473B7F0093ADA2 /* Helpers */ = {
			isa = PBXGroup;
			children = (
				35433B30284741640093ADA2 /* Extensions */,
				35433B2328473B8C0093ADA2 /* Managers */,
				35433B2228473B880093ADA2 /* Enums */,
				35433B2628473BD60093ADA2 /* LogHelper.swift */,
			);
			path = Helpers;
			sourceTree = "<group>";
		};
		35433B2228473B880093ADA2 /* Enums */ = {
			isa = PBXGroup;
			children = (
			);
			path = Enums;
			sourceTree = "<group>";
		};
		35433B2328473B8C0093ADA2 /* Managers */ = {
			isa = PBXGroup;
			children = (
				35433B2428473B9D0093ADA2 /* RequestManger.swift */,
				35433B2B28473DBE0093ADA2 /* NetworkManager.swift */,
			);
			path = Managers;
			sourceTree = "<group>";
		};
		35433B30284741640093ADA2 /* Extensions */ = {
			isa = PBXGroup;
			children = (
				35433B5C2847532E0093ADA2 /* Font */,
				355C86892847C115004D3F93 /* UIColor+Extension.swift */,
			);
			path = Extensions;
			sourceTree = "<group>";
		};
		35433B33284742410093ADA2 /* Fonts */ = {
			isa = PBXGroup;
			children = (
				35433B4C284744900093ADA2 /* SFUIText-Bold.ttf */,
				35433B4E284744900093ADA2 /* SFUIText-Heavy.ttf */,
				35433B44284744900093ADA2 /* SFUIText-Light.ttf */,
				35433B48284744900093ADA2 /* SFUIText-Medium.ttf */,
				35433B4A284744900093ADA2 /* SFUIText-Regular.ttf */,
				35433B4D284744900093ADA2 /* SFUIText-Semibold.ttf */,
			);
			path = Fonts;
			sourceTree = "<group>";
		};
		35433B5C2847532E0093ADA2 /* Font */ = {
			isa = PBXGroup;
			children = (
				35433B31284741780093ADA2 /* UIFont+Extension.swift */,
			);
			path = Font;
			sourceTree = "<group>";
		};
/* End PBXGroup section */

/* Begin PBXNativeTarget section */
		35433AF2284729720093ADA2 /* Cars */ = {
			isa = PBXNativeTarget;
			buildConfigurationList = 35433B0A284729750093ADA2 /* Build configuration list for PBXNativeTarget "Cars" */;
			buildPhases = (
				35433AEF284729720093ADA2 /* Sources */,
				35433AF0284729720093ADA2 /* Frameworks */,
				35433AF1284729720093ADA2 /* Resources */,
			);
			buildRules = (
			);
			dependencies = (
			);
			name = Cars;
			packageProductDependencies = (
				35433B0E28472A760093ADA2 /* RxCocoa */,
				35433B1028472A760093ADA2 /* RxSwift */,
				35433B1328472B030093ADA2 /* IHProgressHUD */,
				35433B1628472B550093ADA2 /* SDWebImage */,
				35433B1928472B950093ADA2 /* Alamofire */,
				35433B1C28472BAD0093ADA2 /* ObjectMapper */,
				35433B2928473D830093ADA2 /* NotificationBannerSwift */,
				35433B2E28473E4D0093ADA2 /* Reachability */,
			);
			productName = Cars;
			productReference = 35433AF3284729720093ADA2 /* Cars.app */;
			productType = "com.apple.product-type.application";
		};
/* End PBXNativeTarget section */

/* Begin PBXProject section */
		35433AEB284729720093ADA2 /* Project object */ = {
			isa = PBXProject;
			attributes = {
				BuildIndependentTargetsInParallel = 1;
				LastSwiftUpdateCheck = 1340;
				LastUpgradeCheck = 1340;
				TargetAttributes = {
					35433AF2284729720093ADA2 = {
						CreatedOnToolsVersion = 13.4;
					};
				};
			};
			buildConfigurationList = 35433AEE284729720093ADA2 /* Build configuration list for PBXProject "Cars" */;
			compatibilityVersion = "Xcode 13.0";
			developmentRegion = en;
			hasScannedForEncodings = 0;
			knownRegions = (
				en,
				Base,
			);
			mainGroup = 35433AEA284729720093ADA2;
			packageReferences = (
				35433B0D28472A760093ADA2 /* XCRemoteSwiftPackageReference "RxSwift" */,
				35433B1228472B030093ADA2 /* XCRemoteSwiftPackageReference "IHProgressHUD" */,
				35433B1528472B550093ADA2 /* XCRemoteSwiftPackageReference "SDWebImage" */,
				35433B1828472B950093ADA2 /* XCRemoteSwiftPackageReference "Alamofire" */,
				35433B1B28472BAD0093ADA2 /* XCRemoteSwiftPackageReference "ObjectMapper" */,
				35433B2828473D830093ADA2 /* XCRemoteSwiftPackageReference "NotificationBanner" */,
				35433B2D28473E4D0093ADA2 /* XCRemoteSwiftPackageReference "Reachability" */,
			);
			productRefGroup = 35433AF4284729720093ADA2 /* Products */;
			projectDirPath = "";
			projectRoot = "";
			targets = (
				35433AF2284729720093ADA2 /* Cars */,
			);
		};
/* End PBXProject section */

/* Begin PBXResourcesBuildPhase section */
		35433AF1284729720093ADA2 /* Resources */ = {
			isa = PBXResourcesBuildPhase;
			buildActionMask = 2147483647;
			files = (
				35433B56284744900093ADA2 /* SFUIText-Regular.ttf in Resources */,
				35433B54284744900093ADA2 /* SFUIText-Medium.ttf in Resources */,
				35433B59284744900093ADA2 /* SFUIText-Semibold.ttf in Resources */,
				35433B06284729750093ADA2 /* LaunchScreen.storyboard in Resources */,
				35433B03284729750093ADA2 /* Assets.xcassets in Resources */,
				35433B5A284744900093ADA2 /* SFUIText-Heavy.ttf in Resources */,
				35433B50284744900093ADA2 /* SFUIText-Light.ttf in Resources */,
				35433B58284744900093ADA2 /* SFUIText-Bold.ttf in Resources */,
			);
			runOnlyForDeploymentPostprocessing = 0;
		};
/* End PBXResourcesBuildPhase section */

/* Begin PBXSourcesBuildPhase section */
		35433AEF284729720093ADA2 /* Sources */ = {
			isa = PBXSourcesBuildPhase;
			buildActionMask = 2147483647;
			files = (
				35433B32284741780093ADA2 /* UIFont+Extension.swift in Sources */,
				35433B602847582A0093ADA2 /* CarsViewModel.swift in Sources */,
				35433B2C28473DBE0093ADA2 /* NetworkManager.swift in Sources */,
				355C868A2847C115004D3F93 /* UIColor+Extension.swift in Sources */,
				35433AFB284729720093ADA2 /* HomeController.swift in Sources */,
				35433B2728473BD60093ADA2 /* LogHelper.swift in Sources */,
				35433B6228476CD90093ADA2 /* CarListViewModel.swift in Sources */,
				355C86882847B9A0004D3F93 /* CarsTableViewCell.swift in Sources */,
				35433B5E284753FC0093ADA2 /* CarsModel.swift in Sources */,
				35433B2528473B9D0093ADA2 /* RequestManger.swift in Sources */,
				35433AF7284729720093ADA2 /* AppDelegate.swift in Sources */,
				35433B01284729720093ADA2 /* Cars.xcdatamodeld in Sources */,
			);
			runOnlyForDeploymentPostprocessing = 0;
		};
/* End PBXSourcesBuildPhase section */

/* Begin PBXVariantGroup section */
		35433B04284729750093ADA2 /* LaunchScreen.storyboard */ = {
			isa = PBXVariantGroup;
			children = (
				35433B05284729750093ADA2 /* Base */,
			);
			name = LaunchScreen.storyboard;
			sourceTree = "<group>";
		};
/* End PBXVariantGroup section */

/* Begin XCBuildConfiguration section */
		35433B08284729750093ADA2 /* Debug */ = {
			isa = XCBuildConfiguration;
			buildSettings = {
				ALWAYS_SEARCH_USER_PATHS = NO;
				CLANG_ANALYZER_NONNULL = YES;
				CLANG_ANALYZER_NUMBER_OBJECT_CONVERSION = YES_AGGRESSIVE;
				CLANG_CXX_LANGUAGE_STANDARD = "gnu++17";
				CLANG_ENABLE_MODULES = YES;
				CLANG_ENABLE_OBJC_ARC = YES;
				CLANG_ENABLE_OBJC_WEAK = YES;
				CLANG_WARN_BLOCK_CAPTURE_AUTORELEASING = YES;
				CLANG_WARN_BOOL_CONVERSION = YES;
				CLANG_WARN_COMMA = YES;
				CLANG_WARN_CONSTANT_CONVERSION = YES;
				CLANG_WARN_DEPRECATED_OBJC_IMPLEMENTATIONS = YES;
				CLANG_WARN_DIRECT_OBJC_ISA_USAGE = YES_ERROR;
				CLANG_WARN_DOCUMENTATION_COMMENTS = YES;
				CLANG_WARN_EMPTY_BODY = YES;
				CLANG_WARN_ENUM_CONVERSION = YES;
				CLANG_WARN_INFINITE_RECURSION = YES;
				CLANG_WARN_INT_CONVERSION = YES;
				CLANG_WARN_NON_LITERAL_NULL_CONVERSION = YES;
				CLANG_WARN_OBJC_IMPLICIT_RETAIN_SELF = YES;
				CLANG_WARN_OBJC_LITERAL_CONVERSION = YES;
				CLANG_WARN_OBJC_ROOT_CLASS = YES_ERROR;
				CLANG_WARN_QUOTED_INCLUDE_IN_FRAMEWORK_HEADER = YES;
				CLANG_WARN_RANGE_LOOP_ANALYSIS = YES;
				CLANG_WARN_STRICT_PROTOTYPES = YES;
				CLANG_WARN_SUSPICIOUS_MOVE = YES;
				CLANG_WARN_UNGUARDED_AVAILABILITY = YES_AGGRESSIVE;
				CLANG_WARN_UNREACHABLE_CODE = YES;
				CLANG_WARN__DUPLICATE_METHOD_MATCH = YES;
				COPY_PHASE_STRIP = NO;
				DEBUG_INFORMATION_FORMAT = dwarf;
				ENABLE_STRICT_OBJC_MSGSEND = YES;
				ENABLE_TESTABILITY = YES;
				GCC_C_LANGUAGE_STANDARD = gnu11;
				GCC_DYNAMIC_NO_PIC = NO;
				GCC_NO_COMMON_BLOCKS = YES;
				GCC_OPTIMIZATION_LEVEL = 0;
				GCC_PREPROCESSOR_DEFINITIONS = (
					"DEBUG=1",
					"$(inherited)",
				);
				GCC_WARN_64_TO_32_BIT_CONVERSION = YES;
				GCC_WARN_ABOUT_RETURN_TYPE = YES_ERROR;
				GCC_WARN_UNDECLARED_SELECTOR = YES;
				GCC_WARN_UNINITIALIZED_AUTOS = YES_AGGRESSIVE;
				GCC_WARN_UNUSED_FUNCTION = YES;
				GCC_WARN_UNUSED_VARIABLE = YES;
				IPHONEOS_DEPLOYMENT_TARGET = 11.0;
				MTL_ENABLE_DEBUG_INFO = INCLUDE_SOURCE;
				MTL_FAST_MATH = YES;
				ONLY_ACTIVE_ARCH = YES;
				SDKROOT = iphoneos;
				SWIFT_ACTIVE_COMPILATION_CONDITIONS = DEBUG;
				SWIFT_OPTIMIZATION_LEVEL = "-Onone";
			};
			name = Debug;
		};
		35433B09284729750093ADA2 /* Release */ = {
			isa = XCBuildConfiguration;
			buildSettings = {
				ALWAYS_SEARCH_USER_PATHS = NO;
				CLANG_ANALYZER_NONNULL = YES;
				CLANG_ANALYZER_NUMBER_OBJECT_CONVERSION = YES_AGGRESSIVE;
				CLANG_CXX_LANGUAGE_STANDARD = "gnu++17";
				CLANG_ENABLE_MODULES = YES;
				CLANG_ENABLE_OBJC_ARC = YES;
				CLANG_ENABLE_OBJC_WEAK = YES;
				CLANG_WARN_BLOCK_CAPTURE_AUTORELEASING = YES;
				CLANG_WARN_BOOL_CONVERSION = YES;
				CLANG_WARN_COMMA = YES;
				CLANG_WARN_CONSTANT_CONVERSION = YES;
				CLANG_WARN_DEPRECATED_OBJC_IMPLEMENTATIONS = YES;
				CLANG_WARN_DIRECT_OBJC_ISA_USAGE = YES_ERROR;
				CLANG_WARN_DOCUMENTATION_COMMENTS = YES;
				CLANG_WARN_EMPTY_BODY = YES;
				CLANG_WARN_ENUM_CONVERSION = YES;
				CLANG_WARN_INFINITE_RECURSION = YES;
				CLANG_WARN_INT_CONVERSION = YES;
				CLANG_WARN_NON_LITERAL_NULL_CONVERSION = YES;
				CLANG_WARN_OBJC_IMPLICIT_RETAIN_SELF = YES;
				CLANG_WARN_OBJC_LITERAL_CONVERSION = YES;
				CLANG_WARN_OBJC_ROOT_CLASS = YES_ERROR;
				CLANG_WARN_QUOTED_INCLUDE_IN_FRAMEWORK_HEADER = YES;
				CLANG_WARN_RANGE_LOOP_ANALYSIS = YES;
				CLANG_WARN_STRICT_PROTOTYPES = YES;
				CLANG_WARN_SUSPICIOUS_MOVE = YES;
				CLANG_WARN_UNGUARDED_AVAILABILITY = YES_AGGRESSIVE;
				CLANG_WARN_UNREACHABLE_CODE = YES;
				CLANG_WARN__DUPLICATE_METHOD_MATCH = YES;
				COPY_PHASE_STRIP = NO;
				DEBUG_INFORMATION_FORMAT = "dwarf-with-dsym";
				ENABLE_NS_ASSERTIONS = NO;
				ENABLE_STRICT_OBJC_MSGSEND = YES;
				GCC_C_LANGUAGE_STANDARD = gnu11;
				GCC_NO_COMMON_BLOCKS = YES;
				GCC_WARN_64_TO_32_BIT_CONVERSION = YES;
				GCC_WARN_ABOUT_RETURN_TYPE = YES_ERROR;
				GCC_WARN_UNDECLARED_SELECTOR = YES;
				GCC_WARN_UNINITIALIZED_AUTOS = YES_AGGRESSIVE;
				GCC_WARN_UNUSED_FUNCTION = YES;
				GCC_WARN_UNUSED_VARIABLE = YES;
				IPHONEOS_DEPLOYMENT_TARGET = 11.0;
				MTL_ENABLE_DEBUG_INFO = NO;
				MTL_FAST_MATH = YES;
				SDKROOT = iphoneos;
				SWIFT_COMPILATION_MODE = wholemodule;
				SWIFT_OPTIMIZATION_LEVEL = "-O";
				VALIDATE_PRODUCT = YES;
			};
			name = Release;
		};
		35433B0B284729750093ADA2 /* Debug */ = {
			isa = XCBuildConfiguration;
			buildSettings = {
				ASSETCATALOG_COMPILER_APPICON_NAME = AppIcon;
				ASSETCATALOG_COMPILER_GLOBAL_ACCENT_COLOR_NAME = AccentColor;
				CODE_SIGN_STYLE = Automatic;
				CURRENT_PROJECT_VERSION = 1;
				DEVELOPMENT_TEAM = F2P4X5Y727;
				GENERATE_INFOPLIST_FILE = YES;
				INFOPLIST_FILE = Cars/Info.plist;
				INFOPLIST_KEY_UIApplicationSupportsIndirectInputEvents = YES;
				INFOPLIST_KEY_UILaunchStoryboardName = LaunchScreen;
				INFOPLIST_KEY_UISupportedInterfaceOrientations = "";
				INFOPLIST_KEY_UISupportedInterfaceOrientations_iPad = "UIInterfaceOrientationPortrait UIInterfaceOrientationPortraitUpsideDown UIInterfaceOrientationLandscapeLeft UIInterfaceOrientationLandscapeRight";
				INFOPLIST_KEY_UISupportedInterfaceOrientations_iPhone = "UIInterfaceOrientationPortrait UIInterfaceOrientationLandscapeLeft UIInterfaceOrientationLandscapeRight";
				INFOPLIST_KEY_UIUserInterfaceStyle = Light;
				LD_RUNPATH_SEARCH_PATHS = (
					"$(inherited)",
					"@executable_path/Frameworks",
				);
				MARKETING_VERSION = 1.0;
				PRODUCT_BUNDLE_IDENTIFIER = "com.sevenpeakssoftware.mahbubur-rashid-leon.Cars";
				PRODUCT_NAME = "$(TARGET_NAME)";
				SWIFT_EMIT_LOC_STRINGS = YES;
				SWIFT_VERSION = 5.0;
				TARGETED_DEVICE_FAMILY = 1;
			};
			name = Debug;
		};
		35433B0C284729750093ADA2 /* Release */ = {
			isa = XCBuildConfiguration;
			buildSettings = {
				ASSETCATALOG_COMPILER_APPICON_NAME = AppIcon;
				ASSETCATALOG_COMPILER_GLOBAL_ACCENT_COLOR_NAME = AccentColor;
				CODE_SIGN_STYLE = Automatic;
				CURRENT_PROJECT_VERSION = 1;
				DEVELOPMENT_TEAM = F2P4X5Y727;
				GENERATE_INFOPLIST_FILE = YES;
				INFOPLIST_FILE = Cars/Info.plist;
				INFOPLIST_KEY_UIApplicationSupportsIndirectInputEvents = YES;
				INFOPLIST_KEY_UILaunchStoryboardName = LaunchScreen;
				INFOPLIST_KEY_UISupportedInterfaceOrientations = "";
				INFOPLIST_KEY_UISupportedInterfaceOrientations_iPad = "UIInterfaceOrientationPortrait UIInterfaceOrientationPortraitUpsideDown UIInterfaceOrientationLandscapeLeft UIInterfaceOrientationLandscapeRight";
				INFOPLIST_KEY_UISupportedInterfaceOrientations_iPhone = "UIInterfaceOrientationPortrait UIInterfaceOrientationLandscapeLeft UIInterfaceOrientationLandscapeRight";
				INFOPLIST_KEY_UIUserInterfaceStyle = Light;
				LD_RUNPATH_SEARCH_PATHS = (
					"$(inherited)",
					"@executable_path/Frameworks",
				);
				MARKETING_VERSION = 1.0;
				PRODUCT_BUNDLE_IDENTIFIER = "com.sevenpeakssoftware.mahbubur-rashid-leon.Cars";
				PRODUCT_NAME = "$(TARGET_NAME)";
				SWIFT_EMIT_LOC_STRINGS = YES;
				SWIFT_VERSION = 5.0;
				TARGETED_DEVICE_FAMILY = 1;
			};
			name = Release;
		};
/* End XCBuildConfiguration section */

/* Begin XCConfigurationList section */
		35433AEE284729720093ADA2 /* Build configuration list for PBXProject "Cars" */ = {
			isa = XCConfigurationList;
			buildConfigurations = (
				35433B08284729750093ADA2 /* Debug */,
				35433B09284729750093ADA2 /* Release */,
			);
			defaultConfigurationIsVisible = 0;
			defaultConfigurationName = Release;
		};
		35433B0A284729750093ADA2 /* Build configuration list for PBXNativeTarget "Cars" */ = {
			isa = XCConfigurationList;
			buildConfigurations = (
				35433B0B284729750093ADA2 /* Debug */,
				35433B0C284729750093ADA2 /* Release */,
			);
			defaultConfigurationIsVisible = 0;
			defaultConfigurationName = Release;
		};
/* End XCConfigurationList section */

/* Begin XCRemoteSwiftPackageReference section */
		35433B0D28472A760093ADA2 /* XCRemoteSwiftPackageReference "RxSwift" */ = {
			isa = XCRemoteSwiftPackageReference;
			repositoryURL = "https://github.com/ReactiveX/RxSwift.git";
			requirement = {
				kind = exactVersion;
				version = 6.5.0;
			};
		};
		35433B1228472B030093ADA2 /* XCRemoteSwiftPackageReference "IHProgressHUD" */ = {
			isa = XCRemoteSwiftPackageReference;
			repositoryURL = "https://github.com/Swiftify-Corp/IHProgressHUD.git";
			requirement = {
				kind = upToNextMajorVersion;
				minimumVersion = 0.1.8;
			};
		};
		35433B1528472B550093ADA2 /* XCRemoteSwiftPackageReference "SDWebImage" */ = {
			isa = XCRemoteSwiftPackageReference;
			repositoryURL = "https://github.com/SDWebImage/SDWebImage.git";
			requirement = {
				kind = upToNextMajorVersion;
				minimumVersion = 5.0.0;
			};
		};
		35433B1828472B950093ADA2 /* XCRemoteSwiftPackageReference "Alamofire" */ = {
			isa = XCRemoteSwiftPackageReference;
			repositoryURL = "https://github.com/Alamofire/Alamofire.git";
			requirement = {
				kind = upToNextMinorVersion;
				minimumVersion = 5.6.0;
			};
		};
		35433B1B28472BAD0093ADA2 /* XCRemoteSwiftPackageReference "ObjectMapper" */ = {
			isa = XCRemoteSwiftPackageReference;
			repositoryURL = "https://github.com/tristanhimmelman/ObjectMapper.git";
			requirement = {
				kind = upToNextMinorVersion;
				minimumVersion = 4.2.0;
			};
		};
		35433B2828473D830093ADA2 /* XCRemoteSwiftPackageReference "NotificationBanner" */ = {
			isa = XCRemoteSwiftPackageReference;
			repositoryURL = "https://github.com/Daltron/NotificationBanner";
			requirement = {
				kind = upToNextMinorVersion;
				minimumVersion = 3.1.0;
			};
		};
		35433B2D28473E4D0093ADA2 /* XCRemoteSwiftPackageReference "Reachability" */ = {
			isa = XCRemoteSwiftPackageReference;
			repositoryURL = "https://github.com/ashleymills/Reachability.swift";
			requirement = {
				kind = exactVersion;
				version = 5.1.0;
			};
		};
/* End XCRemoteSwiftPackageReference section */

/* Begin XCSwiftPackageProductDependency section */
		35433B0E28472A760093ADA2 /* RxCocoa */ = {
			isa = XCSwiftPackageProductDependency;
			package = 35433B0D28472A760093ADA2 /* XCRemoteSwiftPackageReference "RxSwift" */;
			productName = RxCocoa;
		};
		35433B1028472A760093ADA2 /* RxSwift */ = {
			isa = XCSwiftPackageProductDependency;
			package = 35433B0D28472A760093ADA2 /* XCRemoteSwiftPackageReference "RxSwift" */;
			productName = RxSwift;
		};
		35433B1328472B030093ADA2 /* IHProgressHUD */ = {
			isa = XCSwiftPackageProductDependency;
			package = 35433B1228472B030093ADA2 /* XCRemoteSwiftPackageReference "IHProgressHUD" */;
			productName = IHProgressHUD;
		};
		35433B1628472B550093ADA2 /* SDWebImage */ = {
			isa = XCSwiftPackageProductDependency;
			package = 35433B1528472B550093ADA2 /* XCRemoteSwiftPackageReference "SDWebImage" */;
			productName = SDWebImage;
		};
		35433B1928472B950093ADA2 /* Alamofire */ = {
			isa = XCSwiftPackageProductDependency;
			package = 35433B1828472B950093ADA2 /* XCRemoteSwiftPackageReference "Alamofire" */;
			productName = Alamofire;
		};
		35433B1C28472BAD0093ADA2 /* ObjectMapper */ = {
			isa = XCSwiftPackageProductDependency;
			package = 35433B1B28472BAD0093ADA2 /* XCRemoteSwiftPackageReference "ObjectMapper" */;
			productName = ObjectMapper;
		};
		35433B2928473D830093ADA2 /* NotificationBannerSwift */ = {
			isa = XCSwiftPackageProductDependency;
			package = 35433B2828473D830093ADA2 /* XCRemoteSwiftPackageReference "NotificationBanner" */;
			productName = NotificationBannerSwift;
		};
		35433B2E28473E4D0093ADA2 /* Reachability */ = {
			isa = XCSwiftPackageProductDependency;
			package = 35433B2D28473E4D0093ADA2 /* XCRemoteSwiftPackageReference "Reachability" */;
			productName = Reachability;
		};
/* End XCSwiftPackageProductDependency section */

/* Begin XCVersionGroup section */
		35433AFF284729720093ADA2 /* Cars.xcdatamodeld */ = {
			isa = XCVersionGroup;
			children = (
				35433B00284729720093ADA2 /* Cars.xcdatamodel */,
			);
			currentVersion = 35433B00284729720093ADA2 /* Cars.xcdatamodel */;
			path = Cars.xcdatamodeld;
			sourceTree = "<group>";
			versionGroupType = wrapper.xcdatamodel;
		};
/* End XCVersionGroup section */
	};
	rootObject = 35433AEB284729720093ADA2 /* Project object */;
}
